
Microsoft Visual Studio Solution File, Format Version 12.00
# Visual Studio Version 16
VisualStudioVersion = 16.0.29709.97
MinimumVisualStudioVersion = 10.0.40219.1
Project("{FAE04EC0-301F-11D3-BF4B-00C04F79EFBC}") = "SalesTaxCalc - Colin Brodnik", "SalesTaxCalc - Colin Brodnik.csproj", "{796E14CB-252B-4F51-AD2F-092BE1178F42}"
EndProject
Global
	GlobalSection(SolutionConfigurationPlatforms) = preSolution
		Debug|Any CPU = Debug|Any CPU
		Release|Any CPU = Release|Any CPU
	EndGlobalSection
	GlobalSection(ProjectConfigurationPlatforms) = postSolution
		{796E14CB-252B-4F51-AD2F-092BE1178F42}.Debug|Any CPU.ActiveCfg = Debug|Any CPU
		{796E14CB-252B-4F51-AD2F-092BE1178F42}.Debug|Any CPU.Build.0 = Debug|Any CPU
		{796E14CB-252B-4F51-AD2F-092BE1178F42}.Release|Any CPU.ActiveCfg = Release|Any CPU
		{796E14CB-252B-4F51-AD2F-092BE1178F42}.Release|Any CPU.Build.0 = Release|Any CPU
	EndGlobalSection
	GlobalSection(SolutionProperties) = preSolution
		HideSolutionNode = FALSE
	EndGlobalSection
	GlobalSection(ExtensibilityGlobals) = postSolution
		SolutionGuid = {818C7979-4086-4EF8-AED9-B5C2355FD08A}
	EndGlobalSection
EndGlobal
